
Microsoft Visual Studio Solution File, Format Version 12.00
# Visual Studio Version 17
VisualStudioVersion = 17.4.33103.184
MinimumVisualStudioVersion = 10.0.40219.1
Project("{FAE04EC0-301F-11D3-BF4B-00C04F79EFBC}") = "HotelListings.API", "HotelListings.API\HotelListings.API.csproj", "{0F1533B1-903F-4885-8B7A-B80C537BD8FD}"
EndProject
Global
	GlobalSection(SolutionConfigurationPlatforms) = preSolution
		Debug|Any CPU = Debug|Any CPU
		Release|Any CPU = Release|Any CPU
	EndGlobalSection
	GlobalSection(ProjectConfigurationPlatforms) = postSolution
		{0F1533B1-903F-4885-8B7A-B80C537BD8FD}.Debug|Any CPU.ActiveCfg = Debug|Any CPU
		{0F1533B1-903F-4885-8B7A-B80C537BD8FD}.Debug|Any CPU.Build.0 = Debug|Any CPU
		{0F1533B1-903F-4885-8B7A-B80C537BD8FD}.Release|Any CPU.ActiveCfg = Release|Any CPU
		{0F1533B1-903F-4885-8B7A-B80C537BD8FD}.Release|Any CPU.Build.0 = Release|Any CPU
	EndGlobalSection
	GlobalSection(SolutionProperties) = preSolution
		HideSolutionNode = FALSE
	EndGlobalSection
	GlobalSection(ExtensibilityGlobals) = postSolution
		SolutionGuid = {0DD99146-F825-4A59-98E6-E56FECCF94CD}
	EndGlobalSection
EndGlobal
